
Microsoft Visual Studio Solution File, Format Version 12.00
# Visual Studio 2012
Project("{FAE04EC0-301F-11D3-BF4B-00C04F79EFBC}") = "Tournament.WpfApp", "Tournament.WpfApp\Tournament.WpfApp.csproj", "{EA2A68AC-4869-4AF5-878A-2A3C0ED6A5BA}"
EndProject
Project("{FAE04EC0-301F-11D3-BF4B-00C04F79EFBC}") = "Tournament.WpfApp.Tests", "Tournament.WpfApp.Tests\Tournament.WpfApp.Tests.csproj", "{01949267-5D16-4FFC-B3D1-EA7B87D2B2C6}"
EndProject
Global
	GlobalSection(SolutionConfigurationPlatforms) = preSolution
		Debug|Any CPU = Debug|Any CPU
		Release|Any CPU = Release|Any CPU
	EndGlobalSection
	GlobalSection(ProjectConfigurationPlatforms) = postSolution
		{EA2A68AC-4869-4AF5-878A-2A3C0ED6A5BA}.Debug|Any CPU.ActiveCfg = Debug|Any CPU
		{EA2A68AC-4869-4AF5-878A-2A3C0ED6A5BA}.Debug|Any CPU.Build.0 = Debug|Any CPU
		{EA2A68AC-4869-4AF5-878A-2A3C0ED6A5BA}.Release|Any CPU.ActiveCfg = Release|Any CPU
		{EA2A68AC-4869-4AF5-878A-2A3C0ED6A5BA}.Release|Any CPU.Build.0 = Release|Any CPU
		{01949267-5D16-4FFC-B3D1-EA7B87D2B2C6}.Debug|Any CPU.ActiveCfg = Debug|Any CPU
		{01949267-5D16-4FFC-B3D1-EA7B87D2B2C6}.Debug|Any CPU.Build.0 = Debug|Any CPU
		{01949267-5D16-4FFC-B3D1-EA7B87D2B2C6}.Release|Any CPU.ActiveCfg = Release|Any CPU
		{01949267-5D16-4FFC-B3D1-EA7B87D2B2C6}.Release|Any CPU.Build.0 = Release|Any CPU
	EndGlobalSection
	GlobalSection(SolutionProperties) = preSolution
		HideSolutionNode = FALSE
	EndGlobalSection
EndGlobal
